
Microsoft Visual Studio Solution File, Format Version 12.00
# Visual Studio Version 17
VisualStudioVersion = 17.8.34511.84
MinimumVisualStudioVersion = 10.0.40219.1
Project("{9A19103F-16F7-4668-BE54-9A1E7A4F7556}") = "OnSight.Application", "OnSight.Application\OnSight.Application.csproj", "{AA3D7501-3CEE-40D4-B046-53D8015C06A2}"
EndProject
Project("{9A19103F-16F7-4668-BE54-9A1E7A4F7556}") = "OnSight.Domain", "OnSight.Domain\OnSight.Domain.csproj", "{1B520B45-DC96-42E4-B723-B43DD23B5F93}"
EndProject
Project("{FAE04EC0-301F-11D3-BF4B-00C04F79EFBC}") = "OnSight.Infra", "OnSight.Infra\OnSight.Infra.csproj", "{7C7E2931-9BB6-449B-BFFA-735CB2023B10}"
EndProject
Project("{FAE04EC0-301F-11D3-BF4B-00C04F79EFBC}") = "OnSight.Utils", "OnSight.Utils\OnSight.Utils.csproj", "{CC5CC212-0FF3-4574-AAFA-58B474DAE0DA}"
EndProject
Global
	GlobalSection(SolutionConfigurationPlatforms) = preSolution
		Debug|Any CPU = Debug|Any CPU
		Release|Any CPU = Release|Any CPU
	EndGlobalSection
	GlobalSection(ProjectConfigurationPlatforms) = postSolution
		{AA3D7501-3CEE-40D4-B046-53D8015C06A2}.Debug|Any CPU.ActiveCfg = Debug|Any CPU
		{AA3D7501-3CEE-40D4-B046-53D8015C06A2}.Debug|Any CPU.Build.0 = Debug|Any CPU
		{AA3D7501-3CEE-40D4-B046-53D8015C06A2}.Release|Any CPU.ActiveCfg = Release|Any CPU
		{AA3D7501-3CEE-40D4-B046-53D8015C06A2}.Release|Any CPU.Build.0 = Release|Any CPU
		{1B520B45-DC96-42E4-B723-B43DD23B5F93}.Debug|Any CPU.ActiveCfg = Debug|Any CPU
		{1B520B45-DC96-42E4-B723-B43DD23B5F93}.Debug|Any CPU.Build.0 = Debug|Any CPU
		{1B520B45-DC96-42E4-B723-B43DD23B5F93}.Release|Any CPU.ActiveCfg = Release|Any CPU
		{1B520B45-DC96-42E4-B723-B43DD23B5F93}.Release|Any CPU.Build.0 = Release|Any CPU
		{7C7E2931-9BB6-449B-BFFA-735CB2023B10}.Debug|Any CPU.ActiveCfg = Debug|Any CPU
		{7C7E2931-9BB6-449B-BFFA-735CB2023B10}.Debug|Any CPU.Build.0 = Debug|Any CPU
		{7C7E2931-9BB6-449B-BFFA-735CB2023B10}.Release|Any CPU.ActiveCfg = Release|Any CPU
		{7C7E2931-9BB6-449B-BFFA-735CB2023B10}.Release|Any CPU.Build.0 = Release|Any CPU
		{CC5CC212-0FF3-4574-AAFA-58B474DAE0DA}.Debug|Any CPU.ActiveCfg = Debug|Any CPU
		{CC5CC212-0FF3-4574-AAFA-58B474DAE0DA}.Debug|Any CPU.Build.0 = Debug|Any CPU
		{CC5CC212-0FF3-4574-AAFA-58B474DAE0DA}.Release|Any CPU.ActiveCfg = Release|Any CPU
		{CC5CC212-0FF3-4574-AAFA-58B474DAE0DA}.Release|Any CPU.Build.0 = Release|Any CPU
	EndGlobalSection
	GlobalSection(SolutionProperties) = preSolution
		HideSolutionNode = FALSE
	EndGlobalSection
	GlobalSection(ExtensibilityGlobals) = postSolution
		SolutionGuid = {EDD803AC-BA60-4823-A923-41D6499F4EC7}
	EndGlobalSection
EndGlobal
